
Microsoft Visual Studio Solution File, Format Version 12.00
# Visual Studio 15
VisualStudioVersion = 15.0.26730.10
MinimumVisualStudioVersion = 10.0.40219.1

Project("{6EC3EE1D-3C4E-46DD-8F32-0CC8E7565705}") = "TunersTome", "TunersTome\TunersTome.fsproj", "{86F94C99-3CE2-4217-A674-2164A16B70C5}"
EndProject

Project("{F2A71F9B-5D33-465A-A702-920D77279786}") = "TunersTome.Android", "TunersTome.Android\TunersTome.Android.fsproj", "{51C5A2B0-0DE9-478A-8903-DA656C2C9092}"
EndProject


Project("{F2A71F9B-5D33-465A-A702-920D77279786}") = "TunersTome.iOS", "TunersTome.iOS\TunersTome.iOS.fsproj", "{C0B342C4-295B-4F7C-87BB-3EBFF7CBE0E0}"
EndProject




Global
	GlobalSection(SolutionConfigurationPlatforms) = preSolution
		Ad-Hoc|Any CPU = Ad-Hoc|Any CPU
		Ad-Hoc|ARM = Ad-Hoc|ARM
		Ad-Hoc|iPhone = Ad-Hoc|iPhone
		Ad-Hoc|iPhoneSimulator = Ad-Hoc|iPhoneSimulator
		Ad-Hoc|x64 = Ad-Hoc|x64
		Ad-Hoc|x86 = Ad-Hoc|x86
		AppStore|Any CPU = AppStore|Any CPU
		AppStore|ARM = AppStore|ARM
		AppStore|iPhone = AppStore|iPhone
		AppStore|iPhoneSimulator = AppStore|iPhoneSimulator
		AppStore|x64 = AppStore|x64
		AppStore|x86 = AppStore|x86
		Debug|Any CPU = Debug|Any CPU
		Debug|ARM = Debug|ARM
		Debug|iPhone = Debug|iPhone
		Debug|iPhoneSimulator = Debug|iPhoneSimulator
		Debug|x64 = Debug|x64
		Debug|x86 = Debug|x86
		Release|Any CPU = Release|Any CPU
		Release|ARM = Release|ARM
		Release|iPhone = Release|iPhone
		Release|iPhoneSimulator = Release|iPhoneSimulator
		Release|x64 = Release|x64
		Release|x86 = Release|x86
	EndGlobalSection
	GlobalSection(ProjectConfigurationPlatforms) = postSolution
		{86F94C99-3CE2-4217-A674-2164A16B70C5}.Ad-Hoc|Any CPU.ActiveCfg = Debug|Any CPU
		{86F94C99-3CE2-4217-A674-2164A16B70C5}.Ad-Hoc|Any CPU.Build.0 = Debug|Any CPU
		{86F94C99-3CE2-4217-A674-2164A16B70C5}.Ad-Hoc|ARM.ActiveCfg = Debug|Any CPU
		{86F94C99-3CE2-4217-A674-2164A16B70C5}.Ad-Hoc|ARM.Build.0 = Debug|Any CPU
		{86F94C99-3CE2-4217-A674-2164A16B70C5}.Ad-Hoc|iPhone.ActiveCfg = Debug|Any CPU
		{86F94C99-3CE2-4217-A674-2164A16B70C5}.Ad-Hoc|iPhone.Build.0 = Debug|Any CPU
		{86F94C99-3CE2-4217-A674-2164A16B70C5}.Ad-Hoc|iPhoneSimulator.ActiveCfg = Debug|Any CPU
		{86F94C99-3CE2-4217-A674-2164A16B70C5}.Ad-Hoc|iPhoneSimulator.Build.0 = Debug|Any CPU
		{86F94C99-3CE2-4217-A674-2164A16B70C5}.Ad-Hoc|x64.ActiveCfg = Debug|Any CPU
		{86F94C99-3CE2-4217-A674-2164A16B70C5}.Ad-Hoc|x64.Build.0 = Debug|Any CPU
		{86F94C99-3CE2-4217-A674-2164A16B70C5}.Ad-Hoc|x86.ActiveCfg = Debug|Any CPU
		{86F94C99-3CE2-4217-A674-2164A16B70C5}.Ad-Hoc|x86.Build.0 = Debug|Any CPU
		{86F94C99-3CE2-4217-A674-2164A16B70C5}.AppStore|Any CPU.ActiveCfg = Debug|Any CPU
		{86F94C99-3CE2-4217-A674-2164A16B70C5}.AppStore|Any CPU.Build.0 = Debug|Any CPU
		{86F94C99-3CE2-4217-A674-2164A16B70C5}.AppStore|ARM.ActiveCfg = Debug|Any CPU
		{86F94C99-3CE2-4217-A674-2164A16B70C5}.AppStore|ARM.Build.0 = Debug|Any CPU
		{86F94C99-3CE2-4217-A674-2164A16B70C5}.AppStore|iPhone.ActiveCfg = Debug|Any CPU
		{86F94C99-3CE2-4217-A674-2164A16B70C5}.AppStore|iPhone.Build.0 = Debug|Any CPU
		{86F94C99-3CE2-4217-A674-2164A16B70C5}.AppStore|iPhoneSimulator.ActiveCfg = Debug|Any CPU
		{86F94C99-3CE2-4217-A674-2164A16B70C5}.AppStore|iPhoneSimulator.Build.0 = Debug|Any CPU
		{86F94C99-3CE2-4217-A674-2164A16B70C5}.AppStore|x64.ActiveCfg = Debug|Any CPU
		{86F94C99-3CE2-4217-A674-2164A16B70C5}.AppStore|x64.Build.0 = Debug|Any CPU
		{86F94C99-3CE2-4217-A674-2164A16B70C5}.AppStore|x86.ActiveCfg = Debug|Any CPU
		{86F94C99-3CE2-4217-A674-2164A16B70C5}.AppStore|x86.Build.0 = Debug|Any CPU
		{86F94C99-3CE2-4217-A674-2164A16B70C5}.Debug|Any CPU.ActiveCfg = Debug|Any CPU
		{86F94C99-3CE2-4217-A674-2164A16B70C5}.Debug|Any CPU.Build.0 = Debug|Any CPU
		{86F94C99-3CE2-4217-A674-2164A16B70C5}.Debug|ARM.ActiveCfg = Debug|Any CPU
		{86F94C99-3CE2-4217-A674-2164A16B70C5}.Debug|ARM.Build.0 = Debug|Any CPU
		{86F94C99-3CE2-4217-A674-2164A16B70C5}.Debug|iPhone.ActiveCfg = Debug|Any CPU
		{86F94C99-3CE2-4217-A674-2164A16B70C5}.Debug|iPhone.Build.0 = Debug|Any CPU
		{86F94C99-3CE2-4217-A674-2164A16B70C5}.Debug|iPhoneSimulator.ActiveCfg = Debug|Any CPU
		{86F94C99-3CE2-4217-A674-2164A16B70C5}.Debug|iPhoneSimulator.Build.0 = Debug|Any CPU
		{86F94C99-3CE2-4217-A674-2164A16B70C5}.Debug|x64.ActiveCfg = Debug|Any CPU
		{86F94C99-3CE2-4217-A674-2164A16B70C5}.Debug|x64.Build.0 = Debug|Any CPU
		{86F94C99-3CE2-4217-A674-2164A16B70C5}.Debug|x86.ActiveCfg = Debug|Any CPU
		{86F94C99-3CE2-4217-A674-2164A16B70C5}.Debug|x86.Build.0 = Debug|Any CPU
		{86F94C99-3CE2-4217-A674-2164A16B70C5}.Release|Any CPU.ActiveCfg = Release|Any CPU
		{86F94C99-3CE2-4217-A674-2164A16B70C5}.Release|Any CPU.Build.0 = Release|Any CPU
		{86F94C99-3CE2-4217-A674-2164A16B70C5}.Release|ARM.ActiveCfg = Release|Any CPU
		{86F94C99-3CE2-4217-A674-2164A16B70C5}.Release|ARM.Build.0 = Release|Any CPU
		{86F94C99-3CE2-4217-A674-2164A16B70C5}.Release|iPhone.ActiveCfg = Release|Any CPU
		{86F94C99-3CE2-4217-A674-2164A16B70C5}.Release|iPhone.Build.0 = Release|Any CPU
		{86F94C99-3CE2-4217-A674-2164A16B70C5}.Release|iPhoneSimulator.ActiveCfg = Release|Any CPU
		{86F94C99-3CE2-4217-A674-2164A16B70C5}.Release|iPhoneSimulator.Build.0 = Release|Any CPU
		{86F94C99-3CE2-4217-A674-2164A16B70C5}.Release|x64.ActiveCfg = Release|Any CPU
		{86F94C99-3CE2-4217-A674-2164A16B70C5}.Release|x64.Build.0 = Release|Any CPU
		{86F94C99-3CE2-4217-A674-2164A16B70C5}.Release|x86.ActiveCfg = Release|Any CPU
		{86F94C99-3CE2-4217-A674-2164A16B70C5}.Release|x86.Build.0 = Release|Any CPU
		{C0B342C4-295B-4F7C-87BB-3EBFF7CBE0E0}.Ad-Hoc|Any CPU.ActiveCfg = Ad-Hoc|iPhone
		{C0B342C4-295B-4F7C-87BB-3EBFF7CBE0E0}.Ad-Hoc|ARM.ActiveCfg = Ad-Hoc|iPhone
		{C0B342C4-295B-4F7C-87BB-3EBFF7CBE0E0}.Ad-Hoc|iPhone.ActiveCfg = Ad-Hoc|iPhone
		{C0B342C4-295B-4F7C-87BB-3EBFF7CBE0E0}.Ad-Hoc|iPhone.Build.0 = Ad-Hoc|iPhone
		{C0B342C4-295B-4F7C-87BB-3EBFF7CBE0E0}.Ad-Hoc|iPhoneSimulator.ActiveCfg = Ad-Hoc|iPhoneSimulator
		{C0B342C4-295B-4F7C-87BB-3EBFF7CBE0E0}.Ad-Hoc|iPhoneSimulator.Build.0 = Ad-Hoc|iPhoneSimulator
		{C0B342C4-295B-4F7C-87BB-3EBFF7CBE0E0}.Ad-Hoc|x64.ActiveCfg = Ad-Hoc|iPhone
		{C0B342C4-295B-4F7C-87BB-3EBFF7CBE0E0}.Ad-Hoc|x86.ActiveCfg = Ad-Hoc|iPhone
		{C0B342C4-295B-4F7C-87BB-3EBFF7CBE0E0}.AppStore|Any CPU.ActiveCfg = AppStore|iPhone
		{C0B342C4-295B-4F7C-87BB-3EBFF7CBE0E0}.AppStore|ARM.ActiveCfg = AppStore|iPhone
		{C0B342C4-295B-4F7C-87BB-3EBFF7CBE0E0}.AppStore|iPhone.ActiveCfg = AppStore|iPhone
		{C0B342C4-295B-4F7C-87BB-3EBFF7CBE0E0}.AppStore|iPhone.Build.0 = AppStore|iPhone
		{C0B342C4-295B-4F7C-87BB-3EBFF7CBE0E0}.AppStore|iPhoneSimulator.ActiveCfg = AppStore|iPhoneSimulator
		{C0B342C4-295B-4F7C-87BB-3EBFF7CBE0E0}.AppStore|iPhoneSimulator.Build.0 = AppStore|iPhoneSimulator
		{C0B342C4-295B-4F7C-87BB-3EBFF7CBE0E0}.AppStore|x64.ActiveCfg = AppStore|iPhone
		{C0B342C4-295B-4F7C-87BB-3EBFF7CBE0E0}.AppStore|x86.ActiveCfg = AppStore|iPhone
		{C0B342C4-295B-4F7C-87BB-3EBFF7CBE0E0}.Debug|Any CPU.ActiveCfg = Debug|iPhone
		{C0B342C4-295B-4F7C-87BB-3EBFF7CBE0E0}.Debug|ARM.ActiveCfg = Debug|iPhone
		{C0B342C4-295B-4F7C-87BB-3EBFF7CBE0E0}.Debug|iPhone.ActiveCfg = Debug|iPhone
		{C0B342C4-295B-4F7C-87BB-3EBFF7CBE0E0}.Debug|iPhone.Build.0 = Debug|iPhone
		{C0B342C4-295B-4F7C-87BB-3EBFF7CBE0E0}.Debug|iPhoneSimulator.ActiveCfg = Debug|iPhoneSimulator
		{C0B342C4-295B-4F7C-87BB-3EBFF7CBE0E0}.Debug|iPhoneSimulator.Build.0 = Debug|iPhoneSimulator
		{C0B342C4-295B-4F7C-87BB-3EBFF7CBE0E0}.Debug|x64.ActiveCfg = Debug|iPhone
		{C0B342C4-295B-4F7C-87BB-3EBFF7CBE0E0}.Debug|x86.ActiveCfg = Debug|iPhone
		{C0B342C4-295B-4F7C-87BB-3EBFF7CBE0E0}.Release|Any CPU.ActiveCfg = Release|iPhone
		{C0B342C4-295B-4F7C-87BB-3EBFF7CBE0E0}.Release|ARM.ActiveCfg = Release|iPhone
		{C0B342C4-295B-4F7C-87BB-3EBFF7CBE0E0}.Release|iPhone.ActiveCfg = Release|iPhone
		{C0B342C4-295B-4F7C-87BB-3EBFF7CBE0E0}.Release|iPhone.Build.0 = Release|iPhone
		{C0B342C4-295B-4F7C-87BB-3EBFF7CBE0E0}.Release|iPhoneSimulator.ActiveCfg = Release|iPhoneSimulator
		{C0B342C4-295B-4F7C-87BB-3EBFF7CBE0E0}.Release|iPhoneSimulator.Build.0 = Release|iPhoneSimulator
		{C0B342C4-295B-4F7C-87BB-3EBFF7CBE0E0}.Release|x64.ActiveCfg = Release|iPhone
		{C0B342C4-295B-4F7C-87BB-3EBFF7CBE0E0}.Release|x86.ActiveCfg = Release|iPhone
		{74B9232B-F4A7-4021-B71F-5FE3956EEAF8}.Ad-Hoc|Any CPU.ActiveCfg = Release|x86
		{74B9232B-F4A7-4021-B71F-5FE3956EEAF8}.Ad-Hoc|Any CPU.Build.0 = Release|x86
		{74B9232B-F4A7-4021-B71F-5FE3956EEAF8}.Ad-Hoc|Any CPU.Deploy.0 = Release|x86
		{74B9232B-F4A7-4021-B71F-5FE3956EEAF8}.Ad-Hoc|ARM.ActiveCfg = Release|ARM
		{74B9232B-F4A7-4021-B71F-5FE3956EEAF8}.Ad-Hoc|ARM.Build.0 = Release|ARM
		{74B9232B-F4A7-4021-B71F-5FE3956EEAF8}.Ad-Hoc|ARM.Deploy.0 = Release|ARM
		{74B9232B-F4A7-4021-B71F-5FE3956EEAF8}.Ad-Hoc|iPhone.ActiveCfg = Release|x86
		{74B9232B-F4A7-4021-B71F-5FE3956EEAF8}.Ad-Hoc|iPhone.Build.0 = Release|x86
		{74B9232B-F4A7-4021-B71F-5FE3956EEAF8}.Ad-Hoc|iPhone.Deploy.0 = Release|x86
		{74B9232B-F4A7-4021-B71F-5FE3956EEAF8}.Ad-Hoc|iPhoneSimulator.ActiveCfg = Release|x86
		{74B9232B-F4A7-4021-B71F-5FE3956EEAF8}.Ad-Hoc|iPhoneSimulator.Build.0 = Release|x86
		{74B9232B-F4A7-4021-B71F-5FE3956EEAF8}.Ad-Hoc|iPhoneSimulator.Deploy.0 = Release|x86
		{74B9232B-F4A7-4021-B71F-5FE3956EEAF8}.Ad-Hoc|x64.ActiveCfg = Release|x64
		{74B9232B-F4A7-4021-B71F-5FE3956EEAF8}.Ad-Hoc|x64.Build.0 = Release|x64
		{74B9232B-F4A7-4021-B71F-5FE3956EEAF8}.Ad-Hoc|x64.Deploy.0 = Release|x64
		{74B9232B-F4A7-4021-B71F-5FE3956EEAF8}.Ad-Hoc|x86.ActiveCfg = Release|x86
		{74B9232B-F4A7-4021-B71F-5FE3956EEAF8}.Ad-Hoc|x86.Build.0 = Release|x86
		{74B9232B-F4A7-4021-B71F-5FE3956EEAF8}.Ad-Hoc|x86.Deploy.0 = Release|x86
		{74B9232B-F4A7-4021-B71F-5FE3956EEAF8}.AppStore|Any CPU.ActiveCfg = Release|x86
		{74B9232B-F4A7-4021-B71F-5FE3956EEAF8}.AppStore|Any CPU.Build.0 = Release|x86
		{74B9232B-F4A7-4021-B71F-5FE3956EEAF8}.AppStore|Any CPU.Deploy.0 = Release|x86
		{74B9232B-F4A7-4021-B71F-5FE3956EEAF8}.AppStore|ARM.ActiveCfg = Release|ARM
		{74B9232B-F4A7-4021-B71F-5FE3956EEAF8}.AppStore|ARM.Build.0 = Release|ARM
		{74B9232B-F4A7-4021-B71F-5FE3956EEAF8}.AppStore|ARM.Deploy.0 = Release|ARM
		{74B9232B-F4A7-4021-B71F-5FE3956EEAF8}.AppStore|iPhone.ActiveCfg = Release|x86
		{74B9232B-F4A7-4021-B71F-5FE3956EEAF8}.AppStore|iPhone.Build.0 = Release|x86
		{74B9232B-F4A7-4021-B71F-5FE3956EEAF8}.AppStore|iPhone.Deploy.0 = Release|x86
		{74B9232B-F4A7-4021-B71F-5FE3956EEAF8}.AppStore|iPhoneSimulator.ActiveCfg = Release|x86
		{74B9232B-F4A7-4021-B71F-5FE3956EEAF8}.AppStore|iPhoneSimulator.Build.0 = Release|x86
		{74B9232B-F4A7-4021-B71F-5FE3956EEAF8}.AppStore|iPhoneSimulator.Deploy.0 = Release|x86
		{74B9232B-F4A7-4021-B71F-5FE3956EEAF8}.AppStore|x64.ActiveCfg = Release|x64
		{74B9232B-F4A7-4021-B71F-5FE3956EEAF8}.AppStore|x64.Build.0 = Release|x64
		{74B9232B-F4A7-4021-B71F-5FE3956EEAF8}.AppStore|x64.Deploy.0 = Release|x64
		{74B9232B-F4A7-4021-B71F-5FE3956EEAF8}.AppStore|x86.ActiveCfg = Release|x86
		{74B9232B-F4A7-4021-B71F-5FE3956EEAF8}.AppStore|x86.Build.0 = Release|x86
		{74B9232B-F4A7-4021-B71F-5FE3956EEAF8}.AppStore|x86.Deploy.0 = Release|x86
		{74B9232B-F4A7-4021-B71F-5FE3956EEAF8}.Debug|Any CPU.ActiveCfg = Debug|x86
		{74B9232B-F4A7-4021-B71F-5FE3956EEAF8}.Debug|ARM.ActiveCfg = Debug|ARM
		{74B9232B-F4A7-4021-B71F-5FE3956EEAF8}.Debug|ARM.Build.0 = Debug|ARM
		{74B9232B-F4A7-4021-B71F-5FE3956EEAF8}.Debug|ARM.Deploy.0 = Debug|ARM
		{74B9232B-F4A7-4021-B71F-5FE3956EEAF8}.Debug|iPhone.ActiveCfg = Debug|x86
		{74B9232B-F4A7-4021-B71F-5FE3956EEAF8}.Debug|iPhoneSimulator.ActiveCfg = Debug|x86
		{74B9232B-F4A7-4021-B71F-5FE3956EEAF8}.Debug|x64.ActiveCfg = Debug|x64
		{74B9232B-F4A7-4021-B71F-5FE3956EEAF8}.Debug|x64.Build.0 = Debug|x64
		{74B9232B-F4A7-4021-B71F-5FE3956EEAF8}.Debug|x64.Deploy.0 = Debug|x64
		{74B9232B-F4A7-4021-B71F-5FE3956EEAF8}.Debug|x86.ActiveCfg = Debug|x86
		{74B9232B-F4A7-4021-B71F-5FE3956EEAF8}.Debug|x86.Build.0 = Debug|x86
		{74B9232B-F4A7-4021-B71F-5FE3956EEAF8}.Debug|x86.Deploy.0 = Debug|x86
		{74B9232B-F4A7-4021-B71F-5FE3956EEAF8}.Release|Any CPU.ActiveCfg = Release|x86
		{74B9232B-F4A7-4021-B71F-5FE3956EEAF8}.Release|ARM.ActiveCfg = Release|ARM
		{74B9232B-F4A7-4021-B71F-5FE3956EEAF8}.Release|ARM.Build.0 = Release|ARM
		{74B9232B-F4A7-4021-B71F-5FE3956EEAF8}.Release|ARM.Deploy.0 = Release|ARM
		{74B9232B-F4A7-4021-B71F-5FE3956EEAF8}.Release|iPhone.ActiveCfg = Release|x86
		{74B9232B-F4A7-4021-B71F-5FE3956EEAF8}.Release|iPhoneSimulator.ActiveCfg = Release|x86
		{74B9232B-F4A7-4021-B71F-5FE3956EEAF8}.Release|x64.ActiveCfg = Release|x64
		{74B9232B-F4A7-4021-B71F-5FE3956EEAF8}.Release|x64.Build.0 = Release|x64
		{74B9232B-F4A7-4021-B71F-5FE3956EEAF8}.Release|x64.Deploy.0 = Release|x64
		{74B9232B-F4A7-4021-B71F-5FE3956EEAF8}.Release|x86.ActiveCfg = Release|x86
		{74B9232B-F4A7-4021-B71F-5FE3956EEAF8}.Release|x86.Build.0 = Release|x86
		{74B9232B-F4A7-4021-B71F-5FE3956EEAF8}.Release|x86.Deploy.0 = Release|x86
		{D53E9314-669B-478D-A37F-80134EDA88CF}.Ad-Hoc|Any CPU.ActiveCfg = Release|Any CPU
		{D53E9314-669B-478D-A37F-80134EDA88CF}.Ad-Hoc|Any CPU.Build.0 = Release|Any CPU
		{D53E9314-669B-478D-A37F-80134EDA88CF}.Ad-Hoc|ARM.ActiveCfg = Release|Any CPU
		{D53E9314-669B-478D-A37F-80134EDA88CF}.Ad-Hoc|ARM.Build.0 = Release|Any CPU
		{D53E9314-669B-478D-A37F-80134EDA88CF}.Ad-Hoc|iPhone.ActiveCfg = Release|Any CPU
		{D53E9314-669B-478D-A37F-80134EDA88CF}.Ad-Hoc|iPhone.Build.0 = Release|Any CPU
		{D53E9314-669B-478D-A37F-80134EDA88CF}.Ad-Hoc|iPhoneSimulator.ActiveCfg = Release|Any CPU
		{D53E9314-669B-478D-A37F-80134EDA88CF}.Ad-Hoc|iPhoneSimulator.Build.0 = Release|Any CPU
		{D53E9314-669B-478D-A37F-80134EDA88CF}.Ad-Hoc|x64.ActiveCfg = Release|Any CPU
		{D53E9314-669B-478D-A37F-80134EDA88CF}.Ad-Hoc|x64.Build.0 = Release|Any CPU
		{D53E9314-669B-478D-A37F-80134EDA88CF}.Ad-Hoc|x86.ActiveCfg = Release|Any CPU
		{D53E9314-669B-478D-A37F-80134EDA88CF}.Ad-Hoc|x86.Build.0 = Release|Any CPU
		{D53E9314-669B-478D-A37F-80134EDA88CF}.AppStore|Any CPU.ActiveCfg = Release|Any CPU
		{D53E9314-669B-478D-A37F-80134EDA88CF}.AppStore|Any CPU.Build.0 = Release|Any CPU
		{D53E9314-669B-478D-A37F-80134EDA88CF}.AppStore|ARM.ActiveCfg = Release|Any CPU
		{D53E9314-669B-478D-A37F-80134EDA88CF}.AppStore|ARM.Build.0 = Release|Any CPU
		{D53E9314-669B-478D-A37F-80134EDA88CF}.AppStore|iPhone.ActiveCfg = Release|Any CPU
		{D53E9314-669B-478D-A37F-80134EDA88CF}.AppStore|iPhone.Build.0 = Release|Any CPU
		{D53E9314-669B-478D-A37F-80134EDA88CF}.AppStore|iPhoneSimulator.ActiveCfg = Release|Any CPU
		{D53E9314-669B-478D-A37F-80134EDA88CF}.AppStore|iPhoneSimulator.Build.0 = Release|Any CPU
		{D53E9314-669B-478D-A37F-80134EDA88CF}.AppStore|x64.ActiveCfg = Release|Any CPU
		{D53E9314-669B-478D-A37F-80134EDA88CF}.AppStore|x64.Build.0 = Release|Any CPU
		{D53E9314-669B-478D-A37F-80134EDA88CF}.AppStore|x86.ActiveCfg = Release|Any CPU
		{D53E9314-669B-478D-A37F-80134EDA88CF}.AppStore|x86.Build.0 = Release|Any CPU
		{D53E9314-669B-478D-A37F-80134EDA88CF}.Debug|Any CPU.ActiveCfg = Debug|Any CPU
		{D53E9314-669B-478D-A37F-80134EDA88CF}.Debug|Any CPU.Build.0 = Debug|Any CPU
		{D53E9314-669B-478D-A37F-80134EDA88CF}.Debug|ARM.ActiveCfg = Debug|Any CPU
		{D53E9314-669B-478D-A37F-80134EDA88CF}.Debug|ARM.Build.0 = Debug|Any CPU
		{D53E9314-669B-478D-A37F-80134EDA88CF}.Debug|iPhone.ActiveCfg = Debug|Any CPU
		{D53E9314-669B-478D-A37F-80134EDA88CF}.Debug|iPhone.Build.0 = Debug|Any CPU
		{D53E9314-669B-478D-A37F-80134EDA88CF}.Debug|iPhoneSimulator.ActiveCfg = Debug|Any CPU
		{D53E9314-669B-478D-A37F-80134EDA88CF}.Debug|iPhoneSimulator.Build.0 = Debug|Any CPU
		{D53E9314-669B-478D-A37F-80134EDA88CF}.Debug|x64.ActiveCfg = Debug|Any CPU
		{D53E9314-669B-478D-A37F-80134EDA88CF}.Debug|x64.Build.0 = Debug|Any CPU
		{D53E9314-669B-478D-A37F-80134EDA88CF}.Debug|x86.ActiveCfg = Debug|Any CPU
		{D53E9314-669B-478D-A37F-80134EDA88CF}.Debug|x86.Build.0 = Debug|Any CPU
		{D53E9314-669B-478D-A37F-80134EDA88CF}.Release|Any CPU.ActiveCfg = Release|Any CPU
		{D53E9314-669B-478D-A37F-80134EDA88CF}.Release|Any CPU.Build.0 = Release|Any CPU
		{D53E9314-669B-478D-A37F-80134EDA88CF}.Release|ARM.ActiveCfg = Release|Any CPU
		{D53E9314-669B-478D-A37F-80134EDA88CF}.Release|ARM.Build.0 = Release|Any CPU
		{D53E9314-669B-478D-A37F-80134EDA88CF}.Release|iPhone.ActiveCfg = Release|Any CPU
		{D53E9314-669B-478D-A37F-80134EDA88CF}.Release|iPhone.Build.0 = Release|Any CPU
		{D53E9314-669B-478D-A37F-80134EDA88CF}.Release|iPhoneSimulator.ActiveCfg = Release|Any CPU
		{D53E9314-669B-478D-A37F-80134EDA88CF}.Release|iPhoneSimulator.Build.0 = Release|Any CPU
		{D53E9314-669B-478D-A37F-80134EDA88CF}.Release|x64.ActiveCfg = Release|Any CPU
		{D53E9314-669B-478D-A37F-80134EDA88CF}.Release|x64.Build.0 = Release|Any CPU
		{D53E9314-669B-478D-A37F-80134EDA88CF}.Release|x86.ActiveCfg = Release|Any CPU
		{D53E9314-669B-478D-A37F-80134EDA88CF}.Release|x86.Build.0 = Release|Any CPU
		{E4345537-878D-4FFE-9B0E-92E7328FB60D}.Ad-Hoc|Any CPU.ActiveCfg = Release|Any CPU
		{E4345537-878D-4FFE-9B0E-92E7328FB60D}.Ad-Hoc|Any CPU.Build.0 = Release|Any CPU
		{E4345537-878D-4FFE-9B0E-92E7328FB60D}.Ad-Hoc|ARM.ActiveCfg = Release|Any CPU
		{E4345537-878D-4FFE-9B0E-92E7328FB60D}.Ad-Hoc|ARM.Build.0 = Release|Any CPU
		{E4345537-878D-4FFE-9B0E-92E7328FB60D}.Ad-Hoc|iPhone.ActiveCfg = Release|Any CPU
		{E4345537-878D-4FFE-9B0E-92E7328FB60D}.Ad-Hoc|iPhone.Build.0 = Release|Any CPU
		{E4345537-878D-4FFE-9B0E-92E7328FB60D}.Ad-Hoc|iPhoneSimulator.ActiveCfg = Release|Any CPU
		{E4345537-878D-4FFE-9B0E-92E7328FB60D}.Ad-Hoc|iPhoneSimulator.Build.0 = Release|Any CPU
		{E4345537-878D-4FFE-9B0E-92E7328FB60D}.Ad-Hoc|x64.ActiveCfg = Release|Any CPU
		{E4345537-878D-4FFE-9B0E-92E7328FB60D}.Ad-Hoc|x64.Build.0 = Release|Any CPU
		{E4345537-878D-4FFE-9B0E-92E7328FB60D}.Ad-Hoc|x86.ActiveCfg = Release|Any CPU
		{E4345537-878D-4FFE-9B0E-92E7328FB60D}.Ad-Hoc|x86.Build.0 = Release|Any CPU
		{E4345537-878D-4FFE-9B0E-92E7328FB60D}.AppStore|Any CPU.ActiveCfg = Release|Any CPU
		{E4345537-878D-4FFE-9B0E-92E7328FB60D}.AppStore|Any CPU.Build.0 = Release|Any CPU
		{E4345537-878D-4FFE-9B0E-92E7328FB60D}.AppStore|ARM.ActiveCfg = Release|Any CPU
		{E4345537-878D-4FFE-9B0E-92E7328FB60D}.AppStore|ARM.Build.0 = Release|Any CPU
		{E4345537-878D-4FFE-9B0E-92E7328FB60D}.AppStore|iPhone.ActiveCfg = Release|Any CPU
		{E4345537-878D-4FFE-9B0E-92E7328FB60D}.AppStore|iPhone.Build.0 = Release|Any CPU
		{E4345537-878D-4FFE-9B0E-92E7328FB60D}.AppStore|iPhoneSimulator.ActiveCfg = Release|Any CPU
		{E4345537-878D-4FFE-9B0E-92E7328FB60D}.AppStore|iPhoneSimulator.Build.0 = Release|Any CPU
		{E4345537-878D-4FFE-9B0E-92E7328FB60D}.AppStore|x64.ActiveCfg = Release|Any CPU
		{E4345537-878D-4FFE-9B0E-92E7328FB60D}.AppStore|x64.Build.0 = Release|Any CPU
		{E4345537-878D-4FFE-9B0E-92E7328FB60D}.AppStore|x86.ActiveCfg = Release|Any CPU
		{E4345537-878D-4FFE-9B0E-92E7328FB60D}.AppStore|x86.Build.0 = Release|Any CPU
		{E4345537-878D-4FFE-9B0E-92E7328FB60D}.Debug|Any CPU.ActiveCfg = Debug|Any CPU
		{E4345537-878D-4FFE-9B0E-92E7328FB60D}.Debug|Any CPU.Build.0 = Debug|Any CPU
		{E4345537-878D-4FFE-9B0E-92E7328FB60D}.Debug|ARM.ActiveCfg = Debug|Any CPU
		{E4345537-878D-4FFE-9B0E-92E7328FB60D}.Debug|ARM.Build.0 = Debug|Any CPU
		{E4345537-878D-4FFE-9B0E-92E7328FB60D}.Debug|iPhone.ActiveCfg = Debug|Any CPU
		{E4345537-878D-4FFE-9B0E-92E7328FB60D}.Debug|iPhone.Build.0 = Debug|Any CPU
		{E4345537-878D-4FFE-9B0E-92E7328FB60D}.Debug|iPhoneSimulator.ActiveCfg = Debug|Any CPU
		{E4345537-878D-4FFE-9B0E-92E7328FB60D}.Debug|iPhoneSimulator.Build.0 = Debug|Any CPU
		{E4345537-878D-4FFE-9B0E-92E7328FB60D}.Debug|x64.ActiveCfg = Debug|Any CPU
		{E4345537-878D-4FFE-9B0E-92E7328FB60D}.Debug|x64.Build.0 = Debug|Any CPU
		{E4345537-878D-4FFE-9B0E-92E7328FB60D}.Debug|x86.ActiveCfg = Debug|Any CPU
		{E4345537-878D-4FFE-9B0E-92E7328FB60D}.Debug|x86.Build.0 = Debug|Any CPU
		{E4345537-878D-4FFE-9B0E-92E7328FB60D}.Release|Any CPU.ActiveCfg = Release|Any CPU
		{E4345537-878D-4FFE-9B0E-92E7328FB60D}.Release|Any CPU.Build.0 = Release|Any CPU
		{E4345537-878D-4FFE-9B0E-92E7328FB60D}.Release|ARM.ActiveCfg = Release|Any CPU
		{E4345537-878D-4FFE-9B0E-92E7328FB60D}.Release|ARM.Build.0 = Release|Any CPU
		{E4345537-878D-4FFE-9B0E-92E7328FB60D}.Release|iPhone.ActiveCfg = Release|Any CPU
		{E4345537-878D-4FFE-9B0E-92E7328FB60D}.Release|iPhone.Build.0 = Release|Any CPU
		{E4345537-878D-4FFE-9B0E-92E7328FB60D}.Release|iPhoneSimulator.ActiveCfg = Release|Any CPU
		{E4345537-878D-4FFE-9B0E-92E7328FB60D}.Release|iPhoneSimulator.Build.0 = Release|Any CPU
		{E4345537-878D-4FFE-9B0E-92E7328FB60D}.Release|x64.ActiveCfg = Release|Any CPU
		{E4345537-878D-4FFE-9B0E-92E7328FB60D}.Release|x64.Build.0 = Release|Any CPU
		{E4345537-878D-4FFE-9B0E-92E7328FB60D}.Release|x86.ActiveCfg = Release|Any CPU
		{E4345537-878D-4FFE-9B0E-92E7328FB60D}.Release|x86.Build.0 = Release|Any CPU
		{51C5A2B0-0DE9-478A-8903-DA656C2C9092}.Ad-Hoc|Any CPU.ActiveCfg = Release|Any CPU
		{51C5A2B0-0DE9-478A-8903-DA656C2C9092}.Ad-Hoc|Any CPU.Build.0 = Release|Any CPU
		{51C5A2B0-0DE9-478A-8903-DA656C2C9092}.Ad-Hoc|ARM.ActiveCfg = Release|Any CPU
		{51C5A2B0-0DE9-478A-8903-DA656C2C9092}.Ad-Hoc|ARM.Build.0 = Release|Any CPU
		{51C5A2B0-0DE9-478A-8903-DA656C2C9092}.Ad-Hoc|iPhone.ActiveCfg = Release|Any CPU
		{51C5A2B0-0DE9-478A-8903-DA656C2C9092}.Ad-Hoc|iPhone.Build.0 = Release|Any CPU
		{51C5A2B0-0DE9-478A-8903-DA656C2C9092}.Ad-Hoc|iPhoneSimulator.ActiveCfg = Release|Any CPU
		{51C5A2B0-0DE9-478A-8903-DA656C2C9092}.Ad-Hoc|iPhoneSimulator.Build.0 = Release|Any CPU
		{51C5A2B0-0DE9-478A-8903-DA656C2C9092}.Ad-Hoc|x64.ActiveCfg = Release|Any CPU
		{51C5A2B0-0DE9-478A-8903-DA656C2C9092}.Ad-Hoc|x64.Build.0 = Release|Any CPU
		{51C5A2B0-0DE9-478A-8903-DA656C2C9092}.Ad-Hoc|x86.ActiveCfg = Release|Any CPU
		{51C5A2B0-0DE9-478A-8903-DA656C2C9092}.Ad-Hoc|x86.Build.0 = Release|Any CPU
		{51C5A2B0-0DE9-478A-8903-DA656C2C9092}.AppStore|Any CPU.ActiveCfg = Release|Any CPU
		{51C5A2B0-0DE9-478A-8903-DA656C2C9092}.AppStore|Any CPU.Build.0 = Release|Any CPU
		{51C5A2B0-0DE9-478A-8903-DA656C2C9092}.AppStore|ARM.ActiveCfg = Release|Any CPU
		{51C5A2B0-0DE9-478A-8903-DA656C2C9092}.AppStore|ARM.Build.0 = Release|Any CPU
		{51C5A2B0-0DE9-478A-8903-DA656C2C9092}.AppStore|iPhone.ActiveCfg = Release|Any CPU
		{51C5A2B0-0DE9-478A-8903-DA656C2C9092}.AppStore|iPhone.Build.0 = Release|Any CPU
		{51C5A2B0-0DE9-478A-8903-DA656C2C9092}.AppStore|iPhoneSimulator.ActiveCfg = Release|Any CPU
		{51C5A2B0-0DE9-478A-8903-DA656C2C9092}.AppStore|iPhoneSimulator.Build.0 = Release|Any CPU
		{51C5A2B0-0DE9-478A-8903-DA656C2C9092}.AppStore|x64.ActiveCfg = Release|Any CPU
		{51C5A2B0-0DE9-478A-8903-DA656C2C9092}.AppStore|x64.Build.0 = Release|Any CPU
		{51C5A2B0-0DE9-478A-8903-DA656C2C9092}.AppStore|x86.ActiveCfg = Release|Any CPU
		{51C5A2B0-0DE9-478A-8903-DA656C2C9092}.AppStore|x86.Build.0 = Release|Any CPU
		{51C5A2B0-0DE9-478A-8903-DA656C2C9092}.Debug|Any CPU.ActiveCfg = Debug|Any CPU
		{51C5A2B0-0DE9-478A-8903-DA656C2C9092}.Debug|Any CPU.Build.0 = Debug|Any CPU
		{51C5A2B0-0DE9-478A-8903-DA656C2C9092}.Debug|Any CPU.Deploy.0 = Debug|Any CPU
		{51C5A2B0-0DE9-478A-8903-DA656C2C9092}.Debug|ARM.ActiveCfg = Debug|Any CPU
		{51C5A2B0-0DE9-478A-8903-DA656C2C9092}.Debug|ARM.Build.0 = Debug|Any CPU
		{51C5A2B0-0DE9-478A-8903-DA656C2C9092}.Debug|iPhone.ActiveCfg = Debug|Any CPU
		{51C5A2B0-0DE9-478A-8903-DA656C2C9092}.Debug|iPhone.Build.0 = Debug|Any CPU
		{51C5A2B0-0DE9-478A-8903-DA656C2C9092}.Debug|iPhoneSimulator.ActiveCfg = Debug|Any CPU
		{51C5A2B0-0DE9-478A-8903-DA656C2C9092}.Debug|iPhoneSimulator.Build.0 = Debug|Any CPU
		{51C5A2B0-0DE9-478A-8903-DA656C2C9092}.Debug|x64.ActiveCfg = Debug|Any CPU
		{51C5A2B0-0DE9-478A-8903-DA656C2C9092}.Debug|x64.Build.0 = Debug|Any CPU
		{51C5A2B0-0DE9-478A-8903-DA656C2C9092}.Debug|x86.ActiveCfg = Debug|Any CPU
		{51C5A2B0-0DE9-478A-8903-DA656C2C9092}.Debug|x86.Build.0 = Debug|Any CPU
		{51C5A2B0-0DE9-478A-8903-DA656C2C9092}.Release|Any CPU.ActiveCfg = Release|Any CPU
		{51C5A2B0-0DE9-478A-8903-DA656C2C9092}.Release|Any CPU.Build.0 = Release|Any CPU
		{51C5A2B0-0DE9-478A-8903-DA656C2C9092}.Release|Any CPU.Deploy.0 = Release|Any CPU
		{51C5A2B0-0DE9-478A-8903-DA656C2C9092}.Release|ARM.ActiveCfg = Release|Any CPU
		{51C5A2B0-0DE9-478A-8903-DA656C2C9092}.Release|ARM.Build.0 = Release|Any CPU
		{51C5A2B0-0DE9-478A-8903-DA656C2C9092}.Release|iPhone.ActiveCfg = Release|Any CPU
		{51C5A2B0-0DE9-478A-8903-DA656C2C9092}.Release|iPhone.Build.0 = Release|Any CPU
		{51C5A2B0-0DE9-478A-8903-DA656C2C9092}.Release|iPhoneSimulator.ActiveCfg = Release|Any CPU
		{51C5A2B0-0DE9-478A-8903-DA656C2C9092}.Release|iPhoneSimulator.Build.0 = Release|Any CPU
		{51C5A2B0-0DE9-478A-8903-DA656C2C9092}.Release|x64.ActiveCfg = Release|Any CPU
		{51C5A2B0-0DE9-478A-8903-DA656C2C9092}.Release|x64.Build.0 = Release|Any CPU
		{51C5A2B0-0DE9-478A-8903-DA656C2C9092}.Release|x86.ActiveCfg = Release|Any CPU
		{51C5A2B0-0DE9-478A-8903-DA656C2C9092}.Release|x86.Build.0 = Release|Any CPU
		{4733A09C-BB2D-4D19-AB17-9A63F88A9F89}.Ad-Hoc|Any CPU.ActiveCfg = Release|Any CPU
		{4733A09C-BB2D-4D19-AB17-9A63F88A9F89}.Ad-Hoc|Any CPU.Build.0 = Release|Any CPU
		{4733A09C-BB2D-4D19-AB17-9A63F88A9F89}.Ad-Hoc|ARM.ActiveCfg = Release|Any CPU
		{4733A09C-BB2D-4D19-AB17-9A63F88A9F89}.Ad-Hoc|ARM.Build.0 = Release|Any CPU
		{4733A09C-BB2D-4D19-AB17-9A63F88A9F89}.Ad-Hoc|iPhone.ActiveCfg = Release|Any CPU
		{4733A09C-BB2D-4D19-AB17-9A63F88A9F89}.Ad-Hoc|iPhone.Build.0 = Release|Any CPU
		{4733A09C-BB2D-4D19-AB17-9A63F88A9F89}.Ad-Hoc|iPhoneSimulator.ActiveCfg = Release|Any CPU
		{4733A09C-BB2D-4D19-AB17-9A63F88A9F89}.Ad-Hoc|iPhoneSimulator.Build.0 = Release|Any CPU
		{4733A09C-BB2D-4D19-AB17-9A63F88A9F89}.Ad-Hoc|x64.ActiveCfg = Release|Any CPU
		{4733A09C-BB2D-4D19-AB17-9A63F88A9F89}.Ad-Hoc|x64.Build.0 = Release|Any CPU
		{4733A09C-BB2D-4D19-AB17-9A63F88A9F89}.Ad-Hoc|x86.ActiveCfg = Release|Any CPU
		{4733A09C-BB2D-4D19-AB17-9A63F88A9F89}.Ad-Hoc|x86.Build.0 = Release|Any CPU
		{4733A09C-BB2D-4D19-AB17-9A63F88A9F89}.AppStore|Any CPU.ActiveCfg = Release|Any CPU
		{4733A09C-BB2D-4D19-AB17-9A63F88A9F89}.AppStore|Any CPU.Build.0 = Release|Any CPU
		{4733A09C-BB2D-4D19-AB17-9A63F88A9F89}.AppStore|ARM.ActiveCfg = Release|Any CPU
		{4733A09C-BB2D-4D19-AB17-9A63F88A9F89}.AppStore|ARM.Build.0 = Release|Any CPU
		{4733A09C-BB2D-4D19-AB17-9A63F88A9F89}.AppStore|iPhone.ActiveCfg = Release|Any CPU
		{4733A09C-BB2D-4D19-AB17-9A63F88A9F89}.AppStore|iPhone.Build.0 = Release|Any CPU
		{4733A09C-BB2D-4D19-AB17-9A63F88A9F89}.AppStore|iPhoneSimulator.ActiveCfg = Release|Any CPU
		{4733A09C-BB2D-4D19-AB17-9A63F88A9F89}.AppStore|iPhoneSimulator.Build.0 = Release|Any CPU
		{4733A09C-BB2D-4D19-AB17-9A63F88A9F89}.AppStore|x64.ActiveCfg = Release|Any CPU
		{4733A09C-BB2D-4D19-AB17-9A63F88A9F89}.AppStore|x64.Build.0 = Release|Any CPU
		{4733A09C-BB2D-4D19-AB17-9A63F88A9F89}.AppStore|x86.ActiveCfg = Release|Any CPU
		{4733A09C-BB2D-4D19-AB17-9A63F88A9F89}.AppStore|x86.Build.0 = Release|Any CPU
		{4733A09C-BB2D-4D19-AB17-9A63F88A9F89}.Debug|Any CPU.ActiveCfg = Debug|Any CPU
		{4733A09C-BB2D-4D19-AB17-9A63F88A9F89}.Debug|Any CPU.Build.0 = Debug|Any CPU
		{4733A09C-BB2D-4D19-AB17-9A63F88A9F89}.Debug|ARM.ActiveCfg = Debug|Any CPU
		{4733A09C-BB2D-4D19-AB17-9A63F88A9F89}.Debug|ARM.Build.0 = Debug|Any CPU
		{4733A09C-BB2D-4D19-AB17-9A63F88A9F89}.Debug|iPhone.ActiveCfg = Debug|Any CPU
		{4733A09C-BB2D-4D19-AB17-9A63F88A9F89}.Debug|iPhone.Build.0 = Debug|Any CPU
		{4733A09C-BB2D-4D19-AB17-9A63F88A9F89}.Debug|iPhoneSimulator.ActiveCfg = Debug|Any CPU
		{4733A09C-BB2D-4D19-AB17-9A63F88A9F89}.Debug|iPhoneSimulator.Build.0 = Debug|Any CPU
		{4733A09C-BB2D-4D19-AB17-9A63F88A9F89}.Debug|x64.ActiveCfg = Debug|Any CPU
		{4733A09C-BB2D-4D19-AB17-9A63F88A9F89}.Debug|x64.Build.0 = Debug|Any CPU
		{4733A09C-BB2D-4D19-AB17-9A63F88A9F89}.Debug|x86.ActiveCfg = Debug|Any CPU
		{4733A09C-BB2D-4D19-AB17-9A63F88A9F89}.Debug|x86.Build.0 = Debug|Any CPU
		{4733A09C-BB2D-4D19-AB17-9A63F88A9F89}.Release|Any CPU.ActiveCfg = Release|Any CPU
		{4733A09C-BB2D-4D19-AB17-9A63F88A9F89}.Release|Any CPU.Build.0 = Release|Any CPU
		{4733A09C-BB2D-4D19-AB17-9A63F88A9F89}.Release|ARM.ActiveCfg = Release|Any CPU
		{4733A09C-BB2D-4D19-AB17-9A63F88A9F89}.Release|ARM.Build.0 = Release|Any CPU
		{4733A09C-BB2D-4D19-AB17-9A63F88A9F89}.Release|iPhone.ActiveCfg = Release|Any CPU
		{4733A09C-BB2D-4D19-AB17-9A63F88A9F89}.Release|iPhone.Build.0 = Release|Any CPU
		{4733A09C-BB2D-4D19-AB17-9A63F88A9F89}.Release|iPhoneSimulator.ActiveCfg = Release|Any CPU
		{4733A09C-BB2D-4D19-AB17-9A63F88A9F89}.Release|iPhoneSimulator.Build.0 = Release|Any CPU
		{4733A09C-BB2D-4D19-AB17-9A63F88A9F89}.Release|x64.ActiveCfg = Release|Any CPU
		{4733A09C-BB2D-4D19-AB17-9A63F88A9F89}.Release|x64.Build.0 = Release|Any CPU
		{4733A09C-BB2D-4D19-AB17-9A63F88A9F89}.Release|x86.ActiveCfg = Release|Any CPU
		{4733A09C-BB2D-4D19-AB17-9A63F88A9F89}.Release|x86.Build.0 = Release|Any CPU
		{ADCB5A98-F6CE-4C76-8111-5F573A1DCAC2}.Ad-Hoc|Any CPU.ActiveCfg = Release|x64
		{ADCB5A98-F6CE-4C76-8111-5F573A1DCAC2}.Ad-Hoc|Any CPU.Build.0 = Release|x64
		{ADCB5A98-F6CE-4C76-8111-5F573A1DCAC2}.Ad-Hoc|Any CPU.Deploy.0 = Release|x64
		{ADCB5A98-F6CE-4C76-8111-5F573A1DCAC2}.Ad-Hoc|ARM.ActiveCfg = Release|ARM
		{ADCB5A98-F6CE-4C76-8111-5F573A1DCAC2}.Ad-Hoc|ARM.Build.0 = Release|ARM
		{ADCB5A98-F6CE-4C76-8111-5F573A1DCAC2}.Ad-Hoc|ARM.Deploy.0 = Release|ARM
		{ADCB5A98-F6CE-4C76-8111-5F573A1DCAC2}.Ad-Hoc|ARM64.ActiveCfg = Release|ARM64
		{ADCB5A98-F6CE-4C76-8111-5F573A1DCAC2}.Ad-Hoc|ARM64.Build.0 = Release|ARM64
		{ADCB5A98-F6CE-4C76-8111-5F573A1DCAC2}.Ad-Hoc|ARM64.Deploy.0 = Release|ARM64
		{ADCB5A98-F6CE-4C76-8111-5F573A1DCAC2}.Ad-Hoc|iPhone.ActiveCfg = Release|x64
		{ADCB5A98-F6CE-4C76-8111-5F573A1DCAC2}.Ad-Hoc|iPhone.Build.0 = Release|x64
		{ADCB5A98-F6CE-4C76-8111-5F573A1DCAC2}.Ad-Hoc|iPhone.Deploy.0 = Release|x64
		{ADCB5A98-F6CE-4C76-8111-5F573A1DCAC2}.Ad-Hoc|iPhoneSimulator.ActiveCfg = Release|x64
		{ADCB5A98-F6CE-4C76-8111-5F573A1DCAC2}.Ad-Hoc|iPhoneSimulator.Build.0 = Release|x64
		{ADCB5A98-F6CE-4C76-8111-5F573A1DCAC2}.Ad-Hoc|iPhoneSimulator.Deploy.0 = Release|x64
		{ADCB5A98-F6CE-4C76-8111-5F573A1DCAC2}.Ad-Hoc|x64.ActiveCfg = Release|x64
		{ADCB5A98-F6CE-4C76-8111-5F573A1DCAC2}.Ad-Hoc|x64.Build.0 = Release|x64
		{ADCB5A98-F6CE-4C76-8111-5F573A1DCAC2}.Ad-Hoc|x64.Deploy.0 = Release|x64
		{ADCB5A98-F6CE-4C76-8111-5F573A1DCAC2}.Ad-Hoc|x86.ActiveCfg = Release|x86
		{ADCB5A98-F6CE-4C76-8111-5F573A1DCAC2}.Ad-Hoc|x86.Build.0 = Release|x86
		{ADCB5A98-F6CE-4C76-8111-5F573A1DCAC2}.Ad-Hoc|x86.Deploy.0 = Release|x86
		{ADCB5A98-F6CE-4C76-8111-5F573A1DCAC2}.AppStore|Any CPU.ActiveCfg = Release|x64
		{ADCB5A98-F6CE-4C76-8111-5F573A1DCAC2}.AppStore|Any CPU.Build.0 = Release|x64
		{ADCB5A98-F6CE-4C76-8111-5F573A1DCAC2}.AppStore|Any CPU.Deploy.0 = Release|x64
		{ADCB5A98-F6CE-4C76-8111-5F573A1DCAC2}.AppStore|ARM.ActiveCfg = Release|ARM
		{ADCB5A98-F6CE-4C76-8111-5F573A1DCAC2}.AppStore|ARM.Build.0 = Release|ARM
		{ADCB5A98-F6CE-4C76-8111-5F573A1DCAC2}.AppStore|ARM.Deploy.0 = Release|ARM
		{ADCB5A98-F6CE-4C76-8111-5F573A1DCAC2}.AppStore|ARM64.ActiveCfg = Release|ARM64
		{ADCB5A98-F6CE-4C76-8111-5F573A1DCAC2}.AppStore|ARM64.Build.0 = Release|ARM64
		{ADCB5A98-F6CE-4C76-8111-5F573A1DCAC2}.AppStore|ARM64.Deploy.0 = Release|ARM64
		{ADCB5A98-F6CE-4C76-8111-5F573A1DCAC2}.AppStore|iPhone.ActiveCfg = Release|x64
		{ADCB5A98-F6CE-4C76-8111-5F573A1DCAC2}.AppStore|iPhone.Build.0 = Release|x64
		{ADCB5A98-F6CE-4C76-8111-5F573A1DCAC2}.AppStore|iPhone.Deploy.0 = Release|x64
		{ADCB5A98-F6CE-4C76-8111-5F573A1DCAC2}.AppStore|iPhoneSimulator.ActiveCfg = Release|x64
		{ADCB5A98-F6CE-4C76-8111-5F573A1DCAC2}.AppStore|iPhoneSimulator.Build.0 = Release|x64
		{ADCB5A98-F6CE-4C76-8111-5F573A1DCAC2}.AppStore|iPhoneSimulator.Deploy.0 = Release|x64
		{ADCB5A98-F6CE-4C76-8111-5F573A1DCAC2}.AppStore|x64.ActiveCfg = Release|x64
		{ADCB5A98-F6CE-4C76-8111-5F573A1DCAC2}.AppStore|x64.Build.0 = Release|x64
		{ADCB5A98-F6CE-4C76-8111-5F573A1DCAC2}.AppStore|x64.Deploy.0 = Release|x64
		{ADCB5A98-F6CE-4C76-8111-5F573A1DCAC2}.AppStore|x86.ActiveCfg = Release|x86
		{ADCB5A98-F6CE-4C76-8111-5F573A1DCAC2}.AppStore|x86.Build.0 = Release|x86
		{ADCB5A98-F6CE-4C76-8111-5F573A1DCAC2}.AppStore|x86.Deploy.0 = Release|x86
		{ADCB5A98-F6CE-4C76-8111-5F573A1DCAC2}.Debug|Any CPU.ActiveCfg = Debug|x86
		{ADCB5A98-F6CE-4C76-8111-5F573A1DCAC2}.Debug|ARM.ActiveCfg = Debug|ARM
		{ADCB5A98-F6CE-4C76-8111-5F573A1DCAC2}.Debug|ARM.Build.0 = Debug|ARM
		{ADCB5A98-F6CE-4C76-8111-5F573A1DCAC2}.Debug|ARM.Deploy.0 = Debug|ARM
		{ADCB5A98-F6CE-4C76-8111-5F573A1DCAC2}.Debug|ARM64.ActiveCfg = Debug|ARM64
		{ADCB5A98-F6CE-4C76-8111-5F573A1DCAC2}.Debug|ARM64.Build.0 = Debug|ARM64
		{ADCB5A98-F6CE-4C76-8111-5F573A1DCAC2}.Debug|ARM64.Deploy.0 = Debug|ARM64
		{ADCB5A98-F6CE-4C76-8111-5F573A1DCAC2}.Debug|iPhone.ActiveCfg = Debug|x86
		{ADCB5A98-F6CE-4C76-8111-5F573A1DCAC2}.Debug|iPhoneSimulator.ActiveCfg = Debug|x86
		{ADCB5A98-F6CE-4C76-8111-5F573A1DCAC2}.Debug|x64.ActiveCfg = Debug|x64
		{ADCB5A98-F6CE-4C76-8111-5F573A1DCAC2}.Debug|x64.Build.0 = Debug|x64
		{ADCB5A98-F6CE-4C76-8111-5F573A1DCAC2}.Debug|x64.Deploy.0 = Debug|x64
		{ADCB5A98-F6CE-4C76-8111-5F573A1DCAC2}.Debug|x86.ActiveCfg = Debug|x86
		{ADCB5A98-F6CE-4C76-8111-5F573A1DCAC2}.Debug|x86.Build.0 = Debug|x86
		{ADCB5A98-F6CE-4C76-8111-5F573A1DCAC2}.Debug|x86.Deploy.0 = Debug|x86
		{ADCB5A98-F6CE-4C76-8111-5F573A1DCAC2}.Release|Any CPU.ActiveCfg = Release|x86
		{ADCB5A98-F6CE-4C76-8111-5F573A1DCAC2}.Release|ARM.ActiveCfg = Release|ARM
		{ADCB5A98-F6CE-4C76-8111-5F573A1DCAC2}.Release|ARM.Build.0 = Release|ARM
		{ADCB5A98-F6CE-4C76-8111-5F573A1DCAC2}.Release|ARM.Deploy.0 = Release|ARM
		{ADCB5A98-F6CE-4C76-8111-5F573A1DCAC2}.Release|ARM64.ActiveCfg = Release|ARM64
		{ADCB5A98-F6CE-4C76-8111-5F573A1DCAC2}.Release|ARM64.Build.0 = Release|ARM64
		{ADCB5A98-F6CE-4C76-8111-5F573A1DCAC2}.Release|ARM64.Deploy.0 = Release|ARM64
		{ADCB5A98-F6CE-4C76-8111-5F573A1DCAC2}.Release|iPhone.ActiveCfg = Release|x86
		{ADCB5A98-F6CE-4C76-8111-5F573A1DCAC2}.Release|iPhoneSimulator.ActiveCfg = Release|x86
		{ADCB5A98-F6CE-4C76-8111-5F573A1DCAC2}.Release|x64.ActiveCfg = Release|x64
		{ADCB5A98-F6CE-4C76-8111-5F573A1DCAC2}.Release|x64.Build.0 = Release|x64
		{ADCB5A98-F6CE-4C76-8111-5F573A1DCAC2}.Release|x64.Deploy.0 = Release|x64
		{ADCB5A98-F6CE-4C76-8111-5F573A1DCAC2}.Release|x86.ActiveCfg = Release|x86
		{ADCB5A98-F6CE-4C76-8111-5F573A1DCAC2}.Release|x86.Build.0 = Release|x86
		{ADCB5A98-F6CE-4C76-8111-5F573A1DCAC2}.Release|x86.Deploy.0 = Release|x86
	EndGlobalSection
	GlobalSection(SolutionProperties) = preSolution
		HideSolutionNode = FALSE
	EndGlobalSection
	GlobalSection(ExtensibilityGlobals) = postSolution
		SolutionGuid = {F6D05029-56B8-4E45-AF2D-0E76295DDBA2}
	EndGlobalSection
EndGlobal
